
Microsoft Visual Studio Solution File, Format Version 12.00
# Visual Studio Version 16
VisualStudioVersion = 16.0.36422.26
MinimumVisualStudioVersion = 10.0.40219.1
Project("{FAE04EC0-301F-11D3-BF4B-00C04F79EFBC}") = "WebUI", "WebUI.csproj", "{CDC55EF6-B2AC-46CD-83BA-5657CE9760BF}"
EndProject
Global
	GlobalSection(SolutionConfigurationPlatforms) = preSolution
		Debug|Any CPU = Debug|Any CPU
		Release|Any CPU = Release|Any CPU
	EndGlobalSection
	GlobalSection(ProjectConfigurationPlatforms) = postSolution
		{CDC55EF6-B2AC-46CD-83BA-5657CE9760BF}.Debug|Any CPU.ActiveCfg = Debug|Any CPU
		{CDC55EF6-B2AC-46CD-83BA-5657CE9760BF}.Debug|Any CPU.Build.0 = Debug|Any CPU
		{CDC55EF6-B2AC-46CD-83BA-5657CE9760BF}.Release|Any CPU.ActiveCfg = Release|Any CPU
		{CDC55EF6-B2AC-46CD-83BA-5657CE9760BF}.Release|Any CPU.Build.0 = Release|Any CPU
	EndGlobalSection
	GlobalSection(SolutionProperties) = preSolution
		HideSolutionNode = FALSE
	EndGlobalSection
	GlobalSection(ExtensibilityGlobals) = postSolution
		SolutionGuid = {36F6D478-0DB7-4DCE-A7EF-91B384F8F36F}
	EndGlobalSection
EndGlobal
